// !$*UTF8*$!
{
	archiveVersion = 1;
	classes = {
	};
	objectVersion = 50;
	objects = {

/* Begin PBXBuildFile section */
		8571C0BA2434827600A70221 /* main.cpp in Sources */ = {isa = PBXBuildFile; fileRef = 8571C0B92434827600A70221 /* main.cpp */; };
		858DC1012437147D0019A4DE /* shader.vs in CopyFiles */ = {isa = PBXBuildFile; fileRef = 858DC0FF2437147D0019A4DE /* shader.vs */; };
		858DC1022437147D0019A4DE /* shader.fs in CopyFiles */ = {isa = PBXBuildFile; fileRef = 858DC1002437147D0019A4DE /* shader.fs */; };
		858DC105243714B30019A4DE /* shader.vs in CopyFiles */ = {isa = PBXBuildFile; fileRef = 858DC103243714B30019A4DE /* shader.vs */; };
		858DC106243714B30019A4DE /* shader.fs in CopyFiles */ = {isa = PBXBuildFile; fileRef = 858DC104243714B30019A4DE /* shader.fs */; };
		858DC109243715010019A4DE /* shader.vs in CopyFiles */ = {isa = PBXBuildFile; fileRef = 858DC107243715010019A4DE /* shader.vs */; };
		858DC10A243715010019A4DE /* shader.fs in CopyFiles */ = {isa = PBXBuildFile; fileRef = 858DC108243715010019A4DE /* shader.fs */; };
		858DC10D24371B890019A4DE /* shader.vs in CopyFiles */ = {isa = PBXBuildFile; fileRef = 858DC10B24371B890019A4DE /* shader.vs */; };
		858DC10E24371B890019A4DE /* shader.fs in CopyFiles */ = {isa = PBXBuildFile; fileRef = 858DC10C24371B890019A4DE /* shader.fs */; };
		858DC113243725950019A4DE /* glad.c in Sources */ = {isa = PBXBuildFile; fileRef = 85DB75B12435C5A80037E19E /* glad.c */; };
		858DC115243725950019A4DE /* libglfw.3.3.dylib in Frameworks */ = {isa = PBXBuildFile; fileRef = 85DB75B42435C5F50037E19E /* libglfw.3.3.dylib */; };
		858DC11E243725C10019A4DE /* main.cpp in Sources */ = {isa = PBXBuildFile; fileRef = 858DC11D243725C10019A4DE /* main.cpp */; };
		858DC1212437261E0019A4DE /* shader.vs in CopyFiles */ = {isa = PBXBuildFile; fileRef = 858DC11F2437261D0019A4DE /* shader.vs */; };
		858DC1222437261E0019A4DE /* shader.fs in CopyFiles */ = {isa = PBXBuildFile; fileRef = 858DC1202437261E0019A4DE /* shader.fs */; };
		858DC12824372EFC0019A4DE /* glad.c in Sources */ = {isa = PBXBuildFile; fileRef = 85DB75B12435C5A80037E19E /* glad.c */; };
		858DC12B24372EFC0019A4DE /* libglfw.3.3.dylib in Frameworks */ = {isa = PBXBuildFile; fileRef = 85DB75B42435C5F50037E19E /* libglfw.3.3.dylib */; };
		858DC13824372F560019A4DE /* shader.vs in CopyFiles */ = {isa = PBXBuildFile; fileRef = 858DC13624372F560019A4DE /* shader.vs */; };
		858DC13924372F560019A4DE /* shader.fs in CopyFiles */ = {isa = PBXBuildFile; fileRef = 858DC13724372F560019A4DE /* shader.fs */; };
		858DC13B2437305A0019A4DE /* container.jpg in CopyFiles */ = {isa = PBXBuildFile; fileRef = 858DC13A2437305A0019A4DE /* container.jpg */; };
		858DC140243730EB0019A4DE /* stb_image.cpp in Sources */ = {isa = PBXBuildFile; fileRef = 858DC13E243730D30019A4DE /* stb_image.cpp */; };
		858DC142243731110019A4DE /* main.cpp in Sources */ = {isa = PBXBuildFile; fileRef = 858DC13424372F2E0019A4DE /* main.cpp */; };
		85DB75B22435C5A80037E19E /* glad.c in Sources */ = {isa = PBXBuildFile; fileRef = 85DB75B12435C5A80037E19E /* glad.c */; };
		85DB75B52435C5F50037E19E /* libglfw.3.3.dylib in Frameworks */ = {isa = PBXBuildFile; fileRef = 85DB75B42435C5F50037E19E /* libglfw.3.3.dylib */; };
		85DB75BC2435CE370037E19E /* glad.c in Sources */ = {isa = PBXBuildFile; fileRef = 85DB75B12435C5A80037E19E /* glad.c */; };
		85DB75BD2435CE370037E19E /* main.cpp in Sources */ = {isa = PBXBuildFile; fileRef = 85DB75B72435CD800037E19E /* main.cpp */; };
		85DB75BF2435CE370037E19E /* libglfw.3.3.dylib in Frameworks */ = {isa = PBXBuildFile; fileRef = 85DB75B42435C5F50037E19E /* libglfw.3.3.dylib */; };
		85DB75C82435E4810037E19E /* glad.c in Sources */ = {isa = PBXBuildFile; fileRef = 85DB75B12435C5A80037E19E /* glad.c */; };
		85DB75CB2435E4810037E19E /* libglfw.3.3.dylib in Frameworks */ = {isa = PBXBuildFile; fileRef = 85DB75B42435C5F50037E19E /* libglfw.3.3.dylib */; };
		85DB75D22435E4A50037E19E /* main.cpp in Sources */ = {isa = PBXBuildFile; fileRef = 85DB75D12435E4A50037E19E /* main.cpp */; };
		85DB75D72435F3A10037E19E /* glad.c in Sources */ = {isa = PBXBuildFile; fileRef = 85DB75B12435C5A80037E19E /* glad.c */; };
		85DB75D92435F3A10037E19E /* libglfw.3.3.dylib in Frameworks */ = {isa = PBXBuildFile; fileRef = 85DB75B42435C5F50037E19E /* libglfw.3.3.dylib */; };
		85DB75E02435F3CC0037E19E /* main.cpp in Sources */ = {isa = PBXBuildFile; fileRef = 85DB75DF2435F3CC0037E19E /* main.cpp */; };
		85DB75E42435F7180037E19E /* glad.c in Sources */ = {isa = PBXBuildFile; fileRef = 85DB75B12435C5A80037E19E /* glad.c */; };
		85DB75E62435F7180037E19E /* libglfw.3.3.dylib in Frameworks */ = {isa = PBXBuildFile; fileRef = 85DB75B42435C5F50037E19E /* libglfw.3.3.dylib */; };
		85DB75EE2435F7A50037E19E /* main.cpp in Sources */ = {isa = PBXBuildFile; fileRef = 85DB75ED2435F7A50037E19E /* main.cpp */; };
/* End PBXBuildFile section */

/* Begin PBXCopyFilesBuildPhase section */
		8571C0B42434827600A70221 /* CopyFiles */ = {
			isa = PBXCopyFilesBuildPhase;
			buildActionMask = 2147483647;
			dstPath = /usr/share/man/man1/;
			dstSubfolderSpec = 0;
			files = (
			);
			runOnlyForDeploymentPostprocessing = 1;
		};
		858DC116243725950019A4DE /* CopyFiles */ = {
			isa = PBXCopyFilesBuildPhase;
			buildActionMask = 12;
			dstPath = "";
			dstSubfolderSpec = 16;
			files = (
				858DC1212437261E0019A4DE /* shader.vs in CopyFiles */,
				858DC1222437261E0019A4DE /* shader.fs in CopyFiles */,
			);
			runOnlyForDeploymentPostprocessing = 0;
		};
		858DC12C24372EFC0019A4DE /* CopyFiles */ = {
			isa = PBXCopyFilesBuildPhase;
			buildActionMask = 12;
			dstPath = "";
			dstSubfolderSpec = 16;
			files = (
				858DC13B2437305A0019A4DE /* container.jpg in CopyFiles */,
				858DC13824372F560019A4DE /* shader.vs in CopyFiles */,
				858DC13924372F560019A4DE /* shader.fs in CopyFiles */,
			);
			runOnlyForDeploymentPostprocessing = 0;
		};
		85DB75C02435CE370037E19E /* CopyFiles */ = {
			isa = PBXCopyFilesBuildPhase;
			buildActionMask = 12;
			dstPath = "";
			dstSubfolderSpec = 16;
			files = (
				858DC1012437147D0019A4DE /* shader.vs in CopyFiles */,
				858DC1022437147D0019A4DE /* shader.fs in CopyFiles */,
			);
			runOnlyForDeploymentPostprocessing = 0;
		};
		85DB75CC2435E4810037E19E /* CopyFiles */ = {
			isa = PBXCopyFilesBuildPhase;
			buildActionMask = 12;
			dstPath = "";
			dstSubfolderSpec = 16;
			files = (
				858DC105243714B30019A4DE /* shader.vs in CopyFiles */,
				858DC106243714B30019A4DE /* shader.fs in CopyFiles */,
			);
			runOnlyForDeploymentPostprocessing = 0;
		};
		85DB75DA2435F3A10037E19E /* CopyFiles */ = {
			isa = PBXCopyFilesBuildPhase;
			buildActionMask = 12;
			dstPath = "";
			dstSubfolderSpec = 16;
			files = (
				858DC109243715010019A4DE /* shader.vs in CopyFiles */,
				858DC10A243715010019A4DE /* shader.fs in CopyFiles */,
			);
			runOnlyForDeploymentPostprocessing = 0;
		};
		85DB75E72435F7180037E19E /* CopyFiles */ = {
			isa = PBXCopyFilesBuildPhase;
			buildActionMask = 12;
			dstPath = "";
			dstSubfolderSpec = 16;
			files = (
				858DC10D24371B890019A4DE /* shader.vs in CopyFiles */,
				858DC10E24371B890019A4DE /* shader.fs in CopyFiles */,
			);
			runOnlyForDeploymentPostprocessing = 0;
		};
/* End PBXCopyFilesBuildPhase section */

/* Begin PBXFileReference section */
		8571C0B62434827600A70221 /* LearnOpenGL */ = {isa = PBXFileReference; explicitFileType = "compiled.mach-o.executable"; includeInIndex = 0; path = LearnOpenGL; sourceTree = BUILT_PRODUCTS_DIR; };
		8571C0B92434827600A70221 /* main.cpp */ = {isa = PBXFileReference; lastKnownFileType = sourcecode.cpp.cpp; path = main.cpp; sourceTree = "<group>"; };
		858DC0FF2437147D0019A4DE /* shader.vs */ = {isa = PBXFileReference; lastKnownFileType = sourcecode.glsl; path = shader.vs; sourceTree = "<group>"; };
		858DC1002437147D0019A4DE /* shader.fs */ = {isa = PBXFileReference; lastKnownFileType = sourcecode.glsl; path = shader.fs; sourceTree = "<group>"; };
		858DC103243714B30019A4DE /* shader.vs */ = {isa = PBXFileReference; lastKnownFileType = sourcecode.glsl; path = shader.vs; sourceTree = "<group>"; };
		858DC104243714B30019A4DE /* shader.fs */ = {isa = PBXFileReference; lastKnownFileType = sourcecode.glsl; path = shader.fs; sourceTree = "<group>"; };
		858DC107243715010019A4DE /* shader.vs */ = {isa = PBXFileReference; lastKnownFileType = sourcecode.glsl; path = shader.vs; sourceTree = "<group>"; };
		858DC108243715010019A4DE /* shader.fs */ = {isa = PBXFileReference; lastKnownFileType = sourcecode.glsl; path = shader.fs; sourceTree = "<group>"; };
		858DC10B24371B890019A4DE /* shader.vs */ = {isa = PBXFileReference; lastKnownFileType = sourcecode.glsl; path = shader.vs; sourceTree = "<group>"; };
		858DC10C24371B890019A4DE /* shader.fs */ = {isa = PBXFileReference; lastKnownFileType = sourcecode.glsl; path = shader.fs; sourceTree = "<group>"; };
		858DC11C243725950019A4DE /* 05updown */ = {isa = PBXFileReference; explicitFileType = "compiled.mach-o.executable"; includeInIndex = 0; path = 05updown; sourceTree = BUILT_PRODUCTS_DIR; };
		858DC11D243725C10019A4DE /* main.cpp */ = {isa = PBXFileReference; lastKnownFileType = sourcecode.cpp.cpp; path = main.cpp; sourceTree = "<group>"; };
		858DC11F2437261D0019A4DE /* shader.vs */ = {isa = PBXFileReference; lastKnownFileType = sourcecode.glsl; path = shader.vs; sourceTree = "<group>"; };
		858DC1202437261E0019A4DE /* shader.fs */ = {isa = PBXFileReference; lastKnownFileType = sourcecode.glsl; path = shader.fs; sourceTree = "<group>"; };
		858DC12424372ED20019A4DE /* stb_image.h */ = {isa = PBXFileReference; lastKnownFileType = sourcecode.c.h; path = stb_image.h; sourceTree = "<group>"; };
		858DC13224372EFC0019A4DE /* 06texture */ = {isa = PBXFileReference; explicitFileType = "compiled.mach-o.executable"; includeInIndex = 0; path = 06texture; sourceTree = BUILT_PRODUCTS_DIR; };
		858DC13424372F2E0019A4DE /* main.cpp */ = {isa = PBXFileReference; lastKnownFileType = sourcecode.cpp.cpp; path = main.cpp; sourceTree = "<group>"; };
		858DC13624372F560019A4DE /* shader.vs */ = {isa = PBXFileReference; lastKnownFileType = sourcecode.glsl; path = shader.vs; sourceTree = "<group>"; };
		858DC13724372F560019A4DE /* shader.fs */ = {isa = PBXFileReference; lastKnownFileType = sourcecode.glsl; path = shader.fs; sourceTree = "<group>"; };
		858DC13A2437305A0019A4DE /* container.jpg */ = {isa = PBXFileReference; lastKnownFileType = image.jpeg; path = container.jpg; sourceTree = "<group>"; };
		858DC13E243730D30019A4DE /* stb_image.cpp */ = {isa = PBXFileReference; lastKnownFileType = sourcecode.cpp.cpp; path = stb_image.cpp; sourceTree = "<group>"; };
		85DB75B12435C5A80037E19E /* glad.c */ = {isa = PBXFileReference; fileEncoding = 4; lastKnownFileType = sourcecode.c.c; path = glad.c; sourceTree = "<group>"; };
		85DB75B42435C5F50037E19E /* libglfw.3.3.dylib */ = {isa = PBXFileReference; lastKnownFileType = "compiled.mach-o.dylib"; name = libglfw.3.3.dylib; path = ../../../../usr/local/Cellar/glfw/3.3/lib/libglfw.3.3.dylib; sourceTree = "<group>"; };
		85DB75B72435CD800037E19E /* main.cpp */ = {isa = PBXFileReference; lastKnownFileType = sourcecode.cpp.cpp; path = main.cpp; sourceTree = "<group>"; };
		85DB75C42435CE370037E19E /* 01Triangle */ = {isa = PBXFileReference; explicitFileType = "compiled.mach-o.executable"; includeInIndex = 0; path = 01Triangle; sourceTree = BUILT_PRODUCTS_DIR; };
		85DB75D02435E4810037E19E /* 02Rectangle */ = {isa = PBXFileReference; explicitFileType = "compiled.mach-o.executable"; includeInIndex = 0; path = 02Rectangle; sourceTree = BUILT_PRODUCTS_DIR; };
		85DB75D12435E4A50037E19E /* main.cpp */ = {isa = PBXFileReference; lastKnownFileType = sourcecode.cpp.cpp; path = main.cpp; sourceTree = "<group>"; };
		85DB75DE2435F3A10037E19E /* 03Uniform */ = {isa = PBXFileReference; explicitFileType = "compiled.mach-o.executable"; includeInIndex = 0; path = 03Uniform; sourceTree = BUILT_PRODUCTS_DIR; };
		85DB75DF2435F3CC0037E19E /* main.cpp */ = {isa = PBXFileReference; lastKnownFileType = sourcecode.cpp.cpp; path = main.cpp; sourceTree = "<group>"; };
		85DB75EB2435F7180037E19E /* 04Layout */ = {isa = PBXFileReference; explicitFileType = "compiled.mach-o.executable"; includeInIndex = 0; path = 04Layout; sourceTree = BUILT_PRODUCTS_DIR; };
		85DB75ED2435F7A50037E19E /* main.cpp */ = {isa = PBXFileReference; lastKnownFileType = sourcecode.cpp.cpp; path = main.cpp; sourceTree = "<group>"; };
		85DB75F72435F9F60037E19E /* Utils.h */ = {isa = PBXFileReference; lastKnownFileType = sourcecode.c.h; path = Utils.h; sourceTree = "<group>"; };
		85DB75FD2436E8930037E19E /* Shader.h */ = {isa = PBXFileReference; lastKnownFileType = sourcecode.c.h; path = Shader.h; sourceTree = "<group>"; };
/* End PBXFileReference section */

/* Begin PBXFrameworksBuildPhase section */
		8571C0B32434827600A70221 /* Frameworks */ = {
			isa = PBXFrameworksBuildPhase;
			buildActionMask = 2147483647;
			files = (
				85DB75B52435C5F50037E19E /* libglfw.3.3.dylib in Frameworks */,
			);
			runOnlyForDeploymentPostprocessing = 0;
		};
		858DC114243725950019A4DE /* Frameworks */ = {
			isa = PBXFrameworksBuildPhase;
			buildActionMask = 2147483647;
			files = (
				858DC115243725950019A4DE /* libglfw.3.3.dylib in Frameworks */,
			);
			runOnlyForDeploymentPostprocessing = 0;
		};
		858DC12A24372EFC0019A4DE /* Frameworks */ = {
			isa = PBXFrameworksBuildPhase;
			buildActionMask = 2147483647;
			files = (
				858DC12B24372EFC0019A4DE /* libglfw.3.3.dylib in Frameworks */,
			);
			runOnlyForDeploymentPostprocessing = 0;
		};
		85DB75BE2435CE370037E19E /* Frameworks */ = {
			isa = PBXFrameworksBuildPhase;
			buildActionMask = 2147483647;
			files = (
				85DB75BF2435CE370037E19E /* libglfw.3.3.dylib in Frameworks */,
			);
			runOnlyForDeploymentPostprocessing = 0;
		};
		85DB75CA2435E4810037E19E /* Frameworks */ = {
			isa = PBXFrameworksBuildPhase;
			buildActionMask = 2147483647;
			files = (
				85DB75CB2435E4810037E19E /* libglfw.3.3.dylib in Frameworks */,
			);
			runOnlyForDeploymentPostprocessing = 0;
		};
		85DB75D82435F3A10037E19E /* Frameworks */ = {
			isa = PBXFrameworksBuildPhase;
			buildActionMask = 2147483647;
			files = (
				85DB75D92435F3A10037E19E /* libglfw.3.3.dylib in Frameworks */,
			);
			runOnlyForDeploymentPostprocessing = 0;
		};
		85DB75E52435F7180037E19E /* Frameworks */ = {
			isa = PBXFrameworksBuildPhase;
			buildActionMask = 2147483647;
			files = (
				85DB75E62435F7180037E19E /* libglfw.3.3.dylib in Frameworks */,
			);
			runOnlyForDeploymentPostprocessing = 0;
		};
/* End PBXFrameworksBuildPhase section */

/* Begin PBXGroup section */
		8571C0AD2434827600A70221 = {
			isa = PBXGroup;
			children = (
				8571C0B82434827600A70221 /* LearnOpenGL */,
				8571C0B72434827600A70221 /* Products */,
				85DB75B32435C5F50037E19E /* Frameworks */,
			);
			sourceTree = "<group>";
		};
		8571C0B72434827600A70221 /* Products */ = {
			isa = PBXGroup;
			children = (
				8571C0B62434827600A70221 /* LearnOpenGL */,
				85DB75C42435CE370037E19E /* 01Triangle */,
				85DB75D02435E4810037E19E /* 02Rectangle */,
				85DB75DE2435F3A10037E19E /* 03Uniform */,
				85DB75EB2435F7180037E19E /* 04Layout */,
				858DC11C243725950019A4DE /* 05updown */,
				858DC13224372EFC0019A4DE /* 06texture */,
			);
			name = Products;
			sourceTree = "<group>";
		};
		8571C0B82434827600A70221 /* LearnOpenGL */ = {
			isa = PBXGroup;
			children = (
				858DC12524372EE00019A4DE /* 06_texture */,
				858DC10F243725720019A4DE /* 05_updown */,
				85DB75EC2435F78D0037E19E /* 04_layout */,
				85DB75D32435F38D0037E19E /* 03_uniform */,
				85DB75C52435E4520037E19E /* 02_rectangle */,
				85DB75B62435CD460037E19E /* 01_triangle */,
				858DC123243727620019A4DE /* 00_context */,
				85DB75B12435C5A80037E19E /* glad.c */,
				858DC12424372ED20019A4DE /* stb_image.h */,
				85DB75F72435F9F60037E19E /* Utils.h */,
				85DB75FD2436E8930037E19E /* Shader.h */,
				858DC13E243730D30019A4DE /* stb_image.cpp */,
			);
			path = LearnOpenGL;
			sourceTree = "<group>";
		};
		858DC10F243725720019A4DE /* 05_updown */ = {
			isa = PBXGroup;
			children = (
				858DC1202437261E0019A4DE /* shader.fs */,
				858DC11F2437261D0019A4DE /* shader.vs */,
				858DC11D243725C10019A4DE /* main.cpp */,
			);
			path = 05_updown;
			sourceTree = "<group>";
		};
		858DC123243727620019A4DE /* 00_context */ = {
			isa = PBXGroup;
			children = (
				8571C0B92434827600A70221 /* main.cpp */,
			);
			path = 00_context;
			sourceTree = "<group>";
		};
		858DC12524372EE00019A4DE /* 06_texture */ = {
			isa = PBXGroup;
			children = (
				858DC13A2437305A0019A4DE /* container.jpg */,
				858DC13724372F560019A4DE /* shader.fs */,
				858DC13624372F560019A4DE /* shader.vs */,
				858DC13424372F2E0019A4DE /* main.cpp */,
			);
			path = 06_texture;
			sourceTree = "<group>";
		};
		85DB75B32435C5F50037E19E /* Frameworks */ = {
			isa = PBXGroup;
			children = (
				85DB75B42435C5F50037E19E /* libglfw.3.3.dylib */,
			);
			name = Frameworks;
			sourceTree = "<group>";
		};
		85DB75B62435CD460037E19E /* 01_triangle */ = {
			isa = PBXGroup;
			children = (
				858DC1002437147D0019A4DE /* shader.fs */,
				858DC0FF2437147D0019A4DE /* shader.vs */,
				85DB75B72435CD800037E19E /* main.cpp */,
			);
			path = 01_triangle;
			sourceTree = "<group>";
		};
		85DB75C52435E4520037E19E /* 02_rectangle */ = {
			isa = PBXGroup;
			children = (
				858DC104243714B30019A4DE /* shader.fs */,
				858DC103243714B30019A4DE /* shader.vs */,
				85DB75D12435E4A50037E19E /* main.cpp */,
			);
			path = 02_rectangle;
			sourceTree = "<group>";
		};
		85DB75D32435F38D0037E19E /* 03_uniform */ = {
			isa = PBXGroup;
			children = (
				858DC108243715010019A4DE /* shader.fs */,
				858DC107243715010019A4DE /* shader.vs */,
				85DB75DF2435F3CC0037E19E /* main.cpp */,
			);
			path = 03_uniform;
			sourceTree = "<group>";
		};
		85DB75EC2435F78D0037E19E /* 04_layout */ = {
			isa = PBXGroup;
			children = (
				858DC10C24371B890019A4DE /* shader.fs */,
				858DC10B24371B890019A4DE /* shader.vs */,
				85DB75ED2435F7A50037E19E /* main.cpp */,
			);
			path = 04_layout;
			sourceTree = "<group>";
		};
/* End PBXGroup section */

/* Begin PBXNativeTarget section */
		8571C0B52434827600A70221 /* LearnOpenGL */ = {
			isa = PBXNativeTarget;
			buildConfigurationList = 8571C0BD2434827600A70221 /* Build configuration list for PBXNativeTarget "LearnOpenGL" */;
			buildPhases = (
				8571C0B22434827600A70221 /* Sources */,
				8571C0B32434827600A70221 /* Frameworks */,
				8571C0B42434827600A70221 /* CopyFiles */,
			);
			buildRules = (
			);
			dependencies = (
			);
			name = LearnOpenGL;
			productName = LearnOpenGL;
			productReference = 8571C0B62434827600A70221 /* LearnOpenGL */;
			productType = "com.apple.product-type.tool";
		};
		858DC110243725950019A4DE /* 05updown */ = {
			isa = PBXNativeTarget;
			buildConfigurationList = 858DC119243725950019A4DE /* Build configuration list for PBXNativeTarget "05updown" */;
			buildPhases = (
				858DC111243725950019A4DE /* Sources */,
				858DC114243725950019A4DE /* Frameworks */,
				858DC116243725950019A4DE /* CopyFiles */,
			);
			buildRules = (
			);
			dependencies = (
			);
			name = 05updown;
			productName = LearnOpenGL;
			productReference = 858DC11C243725950019A4DE /* 05updown */;
			productType = "com.apple.product-type.tool";
		};
		858DC12624372EFC0019A4DE /* 06texture */ = {
			isa = PBXNativeTarget;
			buildConfigurationList = 858DC12F24372EFC0019A4DE /* Build configuration list for PBXNativeTarget "06texture" */;
			buildPhases = (
				858DC12724372EFC0019A4DE /* Sources */,
				858DC12A24372EFC0019A4DE /* Frameworks */,
				858DC12C24372EFC0019A4DE /* CopyFiles */,
			);
			buildRules = (
			);
			dependencies = (
			);
			name = 06texture;
			productName = LearnOpenGL;
			productReference = 858DC13224372EFC0019A4DE /* 06texture */;
			productType = "com.apple.product-type.tool";
		};
		85DB75B92435CE370037E19E /* 01Triangle */ = {
			isa = PBXNativeTarget;
			buildConfigurationList = 85DB75C12435CE370037E19E /* Build configuration list for PBXNativeTarget "01Triangle" */;
			buildPhases = (
				85DB75BA2435CE370037E19E /* Sources */,
				85DB75BE2435CE370037E19E /* Frameworks */,
				85DB75C02435CE370037E19E /* CopyFiles */,
			);
			buildRules = (
			);
			dependencies = (
			);
			name = 01Triangle;
			productName = LearnOpenGL;
			productReference = 85DB75C42435CE370037E19E /* 01Triangle */;
			productType = "com.apple.product-type.tool";
		};
		85DB75C62435E4810037E19E /* 02Rectangle */ = {
			isa = PBXNativeTarget;
			buildConfigurationList = 85DB75CD2435E4810037E19E /* Build configuration list for PBXNativeTarget "02Rectangle" */;
			buildPhases = (
				85DB75C72435E4810037E19E /* Sources */,
				85DB75CA2435E4810037E19E /* Frameworks */,
				85DB75CC2435E4810037E19E /* CopyFiles */,
			);
			buildRules = (
			);
			dependencies = (
			);
			name = 02Rectangle;
			productName = LearnOpenGL;
			productReference = 85DB75D02435E4810037E19E /* 02Rectangle */;
			productType = "com.apple.product-type.tool";
		};
		85DB75D42435F3A10037E19E /* 03Uniform */ = {
			isa = PBXNativeTarget;
			buildConfigurationList = 85DB75DB2435F3A10037E19E /* Build configuration list for PBXNativeTarget "03Uniform" */;
			buildPhases = (
				85DB75D52435F3A10037E19E /* Sources */,
				85DB75D82435F3A10037E19E /* Frameworks */,
				85DB75DA2435F3A10037E19E /* CopyFiles */,
			);
			buildRules = (
			);
			dependencies = (
			);
			name = 03Uniform;
			productName = LearnOpenGL;
			productReference = 85DB75DE2435F3A10037E19E /* 03Uniform */;
			productType = "com.apple.product-type.tool";
		};
		85DB75E12435F7180037E19E /* 04Layout */ = {
			isa = PBXNativeTarget;
			buildConfigurationList = 85DB75E82435F7180037E19E /* Build configuration list for PBXNativeTarget "04Layout" */;
			buildPhases = (
				85DB75E22435F7180037E19E /* Sources */,
				85DB75E52435F7180037E19E /* Frameworks */,
				85DB75E72435F7180037E19E /* CopyFiles */,
			);
			buildRules = (
			);
			dependencies = (
			);
			name = 04Layout;
			productName = LearnOpenGL;
			productReference = 85DB75EB2435F7180037E19E /* 04Layout */;
			productType = "com.apple.product-type.tool";
		};
/* End PBXNativeTarget section */

/* Begin PBXProject section */
		8571C0AE2434827600A70221 /* Project object */ = {
			isa = PBXProject;
			attributes = {
				LastUpgradeCheck = 1110;
				ORGANIZATIONNAME = "傅思杰";
				TargetAttributes = {
					8571C0B52434827600A70221 = {
						CreatedOnToolsVersion = 11.1;
					};
				};
			};
			buildConfigurationList = 8571C0B12434827600A70221 /* Build configuration list for PBXProject "LearnOpenGL" */;
			compatibilityVersion = "Xcode 9.3";
			developmentRegion = en;
			hasScannedForEncodings = 0;
			knownRegions = (
				en,
				Base,
			);
			mainGroup = 8571C0AD2434827600A70221;
			productRefGroup = 8571C0B72434827600A70221 /* Products */;
			projectDirPath = "";
			projectRoot = "";
			targets = (
				8571C0B52434827600A70221 /* LearnOpenGL */,
				85DB75B92435CE370037E19E /* 01Triangle */,
				85DB75C62435E4810037E19E /* 02Rectangle */,
				85DB75D42435F3A10037E19E /* 03Uniform */,
				85DB75E12435F7180037E19E /* 04Layout */,
				858DC110243725950019A4DE /* 05updown */,
				858DC12624372EFC0019A4DE /* 06texture */,
			);
		};
/* End PBXProject section */

/* Begin PBXSourcesBuildPhase section */
		8571C0B22434827600A70221 /* Sources */ = {
			isa = PBXSourcesBuildPhase;
			buildActionMask = 2147483647;
			files = (
				8571C0BA2434827600A70221 /* main.cpp in Sources */,
				85DB75B22435C5A80037E19E /* glad.c in Sources */,
			);
			runOnlyForDeploymentPostprocessing = 0;
		};
		858DC111243725950019A4DE /* Sources */ = {
			isa = PBXSourcesBuildPhase;
			buildActionMask = 2147483647;
			files = (
				858DC113243725950019A4DE /* glad.c in Sources */,
				858DC11E243725C10019A4DE /* main.cpp in Sources */,
			);
			runOnlyForDeploymentPostprocessing = 0;
		};
		858DC12724372EFC0019A4DE /* Sources */ = {
			isa = PBXSourcesBuildPhase;
			buildActionMask = 2147483647;
			files = (
				858DC140243730EB0019A4DE /* stb_image.cpp in Sources */,
				858DC12824372EFC0019A4DE /* glad.c in Sources */,
				858DC142243731110019A4DE /* main.cpp in Sources */,
			);
			runOnlyForDeploymentPostprocessing = 0;
		};
		85DB75BA2435CE370037E19E /* Sources */ = {
			isa = PBXSourcesBuildPhase;
			buildActionMask = 2147483647;
			files = (
				85DB75BC2435CE370037E19E /* glad.c in Sources */,
				85DB75BD2435CE370037E19E /* main.cpp in Sources */,
			);
			runOnlyForDeploymentPostprocessing = 0;
		};
		85DB75C72435E4810037E19E /* Sources */ = {
			isa = PBXSourcesBuildPhase;
			buildActionMask = 2147483647;
			files = (
				85DB75D22435E4A50037E19E /* main.cpp in Sources */,
				85DB75C82435E4810037E19E /* glad.c in Sources */,
			);
			runOnlyForDeploymentPostprocessing = 0;
		};
		85DB75D52435F3A10037E19E /* Sources */ = {
			isa = PBXSourcesBuildPhase;
			buildActionMask = 2147483647;
			files = (
				85DB75E02435F3CC0037E19E /* main.cpp in Sources */,
				85DB75D72435F3A10037E19E /* glad.c in Sources */,
			);
			runOnlyForDeploymentPostprocessing = 0;
		};
		85DB75E22435F7180037E19E /* Sources */ = {
			isa = PBXSourcesBuildPhase;
			buildActionMask = 2147483647;
			files = (
				85DB75EE2435F7A50037E19E /* main.cpp in Sources */,
				85DB75E42435F7180037E19E /* glad.c in Sources */,
			);
			runOnlyForDeploymentPostprocessing = 0;
		};
/* End PBXSourcesBuildPhase section */

/* Begin XCBuildConfiguration section */
		8571C0BB2434827600A70221 /* Debug */ = {
			isa = XCBuildConfiguration;
			buildSettings = {
				ALWAYS_SEARCH_USER_PATHS = NO;
				CLANG_ANALYZER_NONNULL = YES;
				CLANG_ANALYZER_NUMBER_OBJECT_CONVERSION = YES_AGGRESSIVE;
				CLANG_CXX_LANGUAGE_STANDARD = "gnu++14";
				CLANG_CXX_LIBRARY = "libc++";
				CLANG_ENABLE_MODULES = YES;
				CLANG_ENABLE_OBJC_ARC = YES;
				CLANG_ENABLE_OBJC_WEAK = YES;
				CLANG_WARN_BLOCK_CAPTURE_AUTORELEASING = YES;
				CLANG_WARN_BOOL_CONVERSION = YES;
				CLANG_WARN_COMMA = YES;
				CLANG_WARN_CONSTANT_CONVERSION = YES;
				CLANG_WARN_DEPRECATED_OBJC_IMPLEMENTATIONS = YES;
				CLANG_WARN_DIRECT_OBJC_ISA_USAGE = YES_ERROR;
				CLANG_WARN_DOCUMENTATION_COMMENTS = YES;
				CLANG_WARN_EMPTY_BODY = YES;
				CLANG_WARN_ENUM_CONVERSION = YES;
				CLANG_WARN_INFINITE_RECURSION = YES;
				CLANG_WARN_INT_CONVERSION = YES;
				CLANG_WARN_NON_LITERAL_NULL_CONVERSION = YES;
				CLANG_WARN_OBJC_IMPLICIT_RETAIN_SELF = YES;
				CLANG_WARN_OBJC_LITERAL_CONVERSION = YES;
				CLANG_WARN_OBJC_ROOT_CLASS = YES_ERROR;
				CLANG_WARN_RANGE_LOOP_ANALYSIS = YES;
				CLANG_WARN_STRICT_PROTOTYPES = YES;
				CLANG_WARN_SUSPICIOUS_MOVE = YES;
				CLANG_WARN_UNGUARDED_AVAILABILITY = YES_AGGRESSIVE;
				CLANG_WARN_UNREACHABLE_CODE = YES;
				CLANG_WARN__DUPLICATE_METHOD_MATCH = YES;
				COPY_PHASE_STRIP = NO;
				DEBUG_INFORMATION_FORMAT = dwarf;
				ENABLE_STRICT_OBJC_MSGSEND = YES;
				ENABLE_TESTABILITY = YES;
				GCC_C_LANGUAGE_STANDARD = gnu11;
				GCC_DYNAMIC_NO_PIC = NO;
				GCC_NO_COMMON_BLOCKS = YES;
				GCC_OPTIMIZATION_LEVEL = 0;
				GCC_PREPROCESSOR_DEFINITIONS = (
					"DEBUG=1",
					"$(inherited)",
				);
				GCC_WARN_64_TO_32_BIT_CONVERSION = YES;
				GCC_WARN_ABOUT_RETURN_TYPE = YES_ERROR;
				GCC_WARN_UNDECLARED_SELECTOR = YES;
				GCC_WARN_UNINITIALIZED_AUTOS = YES_AGGRESSIVE;
				GCC_WARN_UNUSED_FUNCTION = YES;
				GCC_WARN_UNUSED_VARIABLE = YES;
				MACOSX_DEPLOYMENT_TARGET = 10.15;
				MTL_ENABLE_DEBUG_INFO = INCLUDE_SOURCE;
				MTL_FAST_MATH = YES;
				ONLY_ACTIVE_ARCH = YES;
				SDKROOT = macosx;
			};
			name = Debug;
		};
		8571C0BC2434827600A70221 /* Release */ = {
			isa = XCBuildConfiguration;
			buildSettings = {
				ALWAYS_SEARCH_USER_PATHS = NO;
				CLANG_ANALYZER_NONNULL = YES;
				CLANG_ANALYZER_NUMBER_OBJECT_CONVERSION = YES_AGGRESSIVE;
				CLANG_CXX_LANGUAGE_STANDARD = "gnu++14";
				CLANG_CXX_LIBRARY = "libc++";
				CLANG_ENABLE_MODULES = YES;
				CLANG_ENABLE_OBJC_ARC = YES;
				CLANG_ENABLE_OBJC_WEAK = YES;
				CLANG_WARN_BLOCK_CAPTURE_AUTORELEASING = YES;
				CLANG_WARN_BOOL_CONVERSION = YES;
				CLANG_WARN_COMMA = YES;
				CLANG_WARN_CONSTANT_CONVERSION = YES;
				CLANG_WARN_DEPRECATED_OBJC_IMPLEMENTATIONS = YES;
				CLANG_WARN_DIRECT_OBJC_ISA_USAGE = YES_ERROR;
				CLANG_WARN_DOCUMENTATION_COMMENTS = YES;
				CLANG_WARN_EMPTY_BODY = YES;
				CLANG_WARN_ENUM_CONVERSION = YES;
				CLANG_WARN_INFINITE_RECURSION = YES;
				CLANG_WARN_INT_CONVERSION = YES;
				CLANG_WARN_NON_LITERAL_NULL_CONVERSION = YES;
				CLANG_WARN_OBJC_IMPLICIT_RETAIN_SELF = YES;
				CLANG_WARN_OBJC_LITERAL_CONVERSION = YES;
				CLANG_WARN_OBJC_ROOT_CLASS = YES_ERROR;
				CLANG_WARN_RANGE_LOOP_ANALYSIS = YES;
				CLANG_WARN_STRICT_PROTOTYPES = YES;
				CLANG_WARN_SUSPICIOUS_MOVE = YES;
				CLANG_WARN_UNGUARDED_AVAILABILITY = YES_AGGRESSIVE;
				CLANG_WARN_UNREACHABLE_CODE = YES;
				CLANG_WARN__DUPLICATE_METHOD_MATCH = YES;
				COPY_PHASE_STRIP = NO;
				DEBUG_INFORMATION_FORMAT = "dwarf-with-dsym";
				ENABLE_NS_ASSERTIONS = NO;
				ENABLE_STRICT_OBJC_MSGSEND = YES;
				GCC_C_LANGUAGE_STANDARD = gnu11;
				GCC_NO_COMMON_BLOCKS = YES;
				GCC_WARN_64_TO_32_BIT_CONVERSION = YES;
				GCC_WARN_ABOUT_RETURN_TYPE = YES_ERROR;
				GCC_WARN_UNDECLARED_SELECTOR = YES;
				GCC_WARN_UNINITIALIZED_AUTOS = YES_AGGRESSIVE;
				GCC_WARN_UNUSED_FUNCTION = YES;
				GCC_WARN_UNUSED_VARIABLE = YES;
				MACOSX_DEPLOYMENT_TARGET = 10.15;
				MTL_ENABLE_DEBUG_INFO = NO;
				MTL_FAST_MATH = YES;
				SDKROOT = macosx;
			};
			name = Release;
		};
		8571C0BE2434827600A70221 /* Debug */ = {
			isa = XCBuildConfiguration;
			buildSettings = {
				CODE_SIGN_STYLE = Automatic;
				DEVELOPMENT_TEAM = WY58VRAZ93;
				ENABLE_HARDENED_RUNTIME = YES;
				HEADER_SEARCH_PATHS = /usr/local/include;
				LIBRARY_SEARCH_PATHS = (
					/usr/local/bin,
					/usr/local/Cellar/glfw/3.3/lib,
				);
				PRODUCT_NAME = "$(TARGET_NAME)";
			};
			name = Debug;
		};
		8571C0BF2434827600A70221 /* Release */ = {
			isa = XCBuildConfiguration;
			buildSettings = {
				CODE_SIGN_STYLE = Automatic;
				DEVELOPMENT_TEAM = WY58VRAZ93;
				ENABLE_HARDENED_RUNTIME = YES;
				HEADER_SEARCH_PATHS = /usr/local/include;
				LIBRARY_SEARCH_PATHS = (
					/usr/local/bin,
					/usr/local/Cellar/glfw/3.3/lib,
				);
				PRODUCT_NAME = "$(TARGET_NAME)";
			};
			name = Release;
		};
		858DC11A243725950019A4DE /* Debug */ = {
			isa = XCBuildConfiguration;
			buildSettings = {
				CODE_SIGN_STYLE = Automatic;
				DEVELOPMENT_TEAM = WY58VRAZ93;
				ENABLE_HARDENED_RUNTIME = YES;
				HEADER_SEARCH_PATHS = /usr/local/include;
				LIBRARY_SEARCH_PATHS = (
					/usr/local/bin,
					/usr/local/Cellar/glfw/3.3/lib,
				);
				PRODUCT_NAME = "$(TARGET_NAME)";
			};
			name = Debug;
		};
		858DC11B243725950019A4DE /* Release */ = {
			isa = XCBuildConfiguration;
			buildSettings = {
				CODE_SIGN_STYLE = Automatic;
				DEVELOPMENT_TEAM = WY58VRAZ93;
				ENABLE_HARDENED_RUNTIME = YES;
				HEADER_SEARCH_PATHS = /usr/local/include;
				LIBRARY_SEARCH_PATHS = (
					/usr/local/bin,
					/usr/local/Cellar/glfw/3.3/lib,
				);
				PRODUCT_NAME = "$(TARGET_NAME)";
			};
			name = Release;
		};
		858DC13024372EFC0019A4DE /* Debug */ = {
			isa = XCBuildConfiguration;
			buildSettings = {
				CODE_SIGN_STYLE = Automatic;
				DEVELOPMENT_TEAM = WY58VRAZ93;
				ENABLE_HARDENED_RUNTIME = YES;
				HEADER_SEARCH_PATHS = /usr/local/include;
				LIBRARY_SEARCH_PATHS = (
					/usr/local/bin,
					/usr/local/Cellar/glfw/3.3/lib,
				);
				PRODUCT_NAME = "$(TARGET_NAME)";
			};
			name = Debug;
		};
		858DC13124372EFC0019A4DE /* Release */ = {
			isa = XCBuildConfiguration;
			buildSettings = {
				CODE_SIGN_STYLE = Automatic;
				DEVELOPMENT_TEAM = WY58VRAZ93;
				ENABLE_HARDENED_RUNTIME = YES;
				HEADER_SEARCH_PATHS = /usr/local/include;
				LIBRARY_SEARCH_PATHS = (
					/usr/local/bin,
					/usr/local/Cellar/glfw/3.3/lib,
				);
				PRODUCT_NAME = "$(TARGET_NAME)";
			};
			name = Release;
		};
		85DB75C22435CE370037E19E /* Debug */ = {
			isa = XCBuildConfiguration;
			buildSettings = {
				CODE_SIGN_STYLE = Automatic;
				DEVELOPMENT_TEAM = WY58VRAZ93;
				ENABLE_HARDENED_RUNTIME = YES;
				HEADER_SEARCH_PATHS = /usr/local/include;
				LIBRARY_SEARCH_PATHS = (
					/usr/local/bin,
					/usr/local/Cellar/glfw/3.3/lib,
				);
				PRODUCT_NAME = "$(TARGET_NAME)";
			};
			name = Debug;
		};
		85DB75C32435CE370037E19E /* Release */ = {
			isa = XCBuildConfiguration;
			buildSettings = {
				CODE_SIGN_STYLE = Automatic;
				DEVELOPMENT_TEAM = WY58VRAZ93;
				ENABLE_HARDENED_RUNTIME = YES;
				HEADER_SEARCH_PATHS = /usr/local/include;
				LIBRARY_SEARCH_PATHS = (
					/usr/local/bin,
					/usr/local/Cellar/glfw/3.3/lib,
				);
				PRODUCT_NAME = "$(TARGET_NAME)";
			};
			name = Release;
		};
		85DB75CE2435E4810037E19E /* Debug */ = {
			isa = XCBuildConfiguration;
			buildSettings = {
				CODE_SIGN_STYLE = Automatic;
				DEVELOPMENT_TEAM = WY58VRAZ93;
				ENABLE_HARDENED_RUNTIME = YES;
				HEADER_SEARCH_PATHS = /usr/local/include;
				LIBRARY_SEARCH_PATHS = (
					/usr/local/bin,
					/usr/local/Cellar/glfw/3.3/lib,
				);
				PRODUCT_NAME = "$(TARGET_NAME)";
			};
			name = Debug;
		};
		85DB75CF2435E4810037E19E /* Release */ = {
			isa = XCBuildConfiguration;
			buildSettings = {
				CODE_SIGN_STYLE = Automatic;
				DEVELOPMENT_TEAM = WY58VRAZ93;
				ENABLE_HARDENED_RUNTIME = YES;
				HEADER_SEARCH_PATHS = /usr/local/include;
				LIBRARY_SEARCH_PATHS = (
					/usr/local/bin,
					/usr/local/Cellar/glfw/3.3/lib,
				);
				PRODUCT_NAME = "$(TARGET_NAME)";
			};
			name = Release;
		};
		85DB75DC2435F3A10037E19E /* Debug */ = {
			isa = XCBuildConfiguration;
			buildSettings = {
				CODE_SIGN_STYLE = Automatic;
				DEVELOPMENT_TEAM = WY58VRAZ93;
				ENABLE_HARDENED_RUNTIME = YES;
				HEADER_SEARCH_PATHS = /usr/local/include;
				LIBRARY_SEARCH_PATHS = (
					/usr/local/bin,
					/usr/local/Cellar/glfw/3.3/lib,
				);
				PRODUCT_NAME = "$(TARGET_NAME)";
			};
			name = Debug;
		};
		85DB75DD2435F3A10037E19E /* Release */ = {
			isa = XCBuildConfiguration;
			buildSettings = {
				CODE_SIGN_STYLE = Automatic;
				DEVELOPMENT_TEAM = WY58VRAZ93;
				ENABLE_HARDENED_RUNTIME = YES;
				HEADER_SEARCH_PATHS = /usr/local/include;
				LIBRARY_SEARCH_PATHS = (
					/usr/local/bin,
					/usr/local/Cellar/glfw/3.3/lib,
				);
				PRODUCT_NAME = "$(TARGET_NAME)";
			};
			name = Release;
		};
		85DB75E92435F7180037E19E /* Debug */ = {
			isa = XCBuildConfiguration;
			buildSettings = {
				CODE_SIGN_STYLE = Automatic;
				DEVELOPMENT_TEAM = WY58VRAZ93;
				ENABLE_HARDENED_RUNTIME = YES;
				HEADER_SEARCH_PATHS = /usr/local/include;
				LIBRARY_SEARCH_PATHS = (
					/usr/local/bin,
					/usr/local/Cellar/glfw/3.3/lib,
				);
				PRODUCT_NAME = "$(TARGET_NAME)";
			};
			name = Debug;
		};
		85DB75EA2435F7180037E19E /* Release */ = {
			isa = XCBuildConfiguration;
			buildSettings = {
				CODE_SIGN_STYLE = Automatic;
				DEVELOPMENT_TEAM = WY58VRAZ93;
				ENABLE_HARDENED_RUNTIME = YES;
				HEADER_SEARCH_PATHS = /usr/local/include;
				LIBRARY_SEARCH_PATHS = (
					/usr/local/bin,
					/usr/local/Cellar/glfw/3.3/lib,
				);
				PRODUCT_NAME = "$(TARGET_NAME)";
			};
			name = Release;
		};
/* End XCBuildConfiguration section */

/* Begin XCConfigurationList section */
		8571C0B12434827600A70221 /* Build configuration list for PBXProject "LearnOpenGL" */ = {
			isa = XCConfigurationList;
			buildConfigurations = (
				8571C0BB2434827600A70221 /* Debug */,
				8571C0BC2434827600A70221 /* Release */,
			);
			defaultConfigurationIsVisible = 0;
			defaultConfigurationName = Release;
		};
		8571C0BD2434827600A70221 /* Build configuration list for PBXNativeTarget "LearnOpenGL" */ = {
			isa = XCConfigurationList;
			buildConfigurations = (
				8571C0BE2434827600A70221 /* Debug */,
				8571C0BF2434827600A70221 /* Release */,
			);
			defaultConfigurationIsVisible = 0;
			defaultConfigurationName = Release;
		};
		858DC119243725950019A4DE /* Build configuration list for PBXNativeTarget "05updown" */ = {
			isa = XCConfigurationList;
			buildConfigurations = (
				858DC11A243725950019A4DE /* Debug */,
				858DC11B243725950019A4DE /* Release */,
			);
			defaultConfigurationIsVisible = 0;
			defaultConfigurationName = Release;
		};
		858DC12F24372EFC0019A4DE /* Build configuration list for PBXNativeTarget "06texture" */ = {
			isa = XCConfigurationList;
			buildConfigurations = (
				858DC13024372EFC0019A4DE /* Debug */,
				858DC13124372EFC0019A4DE /* Release */,
			);
			defaultConfigurationIsVisible = 0;
			defaultConfigurationName = Release;
		};
		85DB75C12435CE370037E19E /* Build configuration list for PBXNativeTarget "01Triangle" */ = {
			isa = XCConfigurationList;
			buildConfigurations = (
				85DB75C22435CE370037E19E /* Debug */,
				85DB75C32435CE370037E19E /* Release */,
			);
			defaultConfigurationIsVisible = 0;
			defaultConfigurationName = Release;
		};
		85DB75CD2435E4810037E19E /* Build configuration list for PBXNativeTarget "02Rectangle" */ = {
			isa = XCConfigurationList;
			buildConfigurations = (
				85DB75CE2435E4810037E19E /* Debug */,
				85DB75CF2435E4810037E19E /* Release */,
			);
			defaultConfigurationIsVisible = 0;
			defaultConfigurationName = Release;
		};
		85DB75DB2435F3A10037E19E /* Build configuration list for PBXNativeTarget "03Uniform" */ = {
			isa = XCConfigurationList;
			buildConfigurations = (
				85DB75DC2435F3A10037E19E /* Debug */,
				85DB75DD2435F3A10037E19E /* Release */,
			);
			defaultConfigurationIsVisible = 0;
			defaultConfigurationName = Release;
		};
		85DB75E82435F7180037E19E /* Build configuration list for PBXNativeTarget "04Layout" */ = {
			isa = XCConfigurationList;
			buildConfigurations = (
				85DB75E92435F7180037E19E /* Debug */,
				85DB75EA2435F7180037E19E /* Release */,
			);
			defaultConfigurationIsVisible = 0;
			defaultConfigurationName = Release;
		};
/* End XCConfigurationList section */
	};
	rootObject = 8571C0AE2434827600A70221 /* Project object */;
}
